
Microsoft Visual Studio Solution File, Format Version 12.00
# Visual Studio 14
VisualStudioVersion = 14.0.25420.1
MinimumVisualStudioVersion = 10.0.40219.1
Project("{FAE04EC0-301F-11D3-BF4B-00C04F79EFBC}") = "frmMenuPrincipal", "frmMenuPrincipal\frmMenuPrincipal.csproj", "{326445B4-92FE-471C-A269-D7673B209D9F}"
EndProject
Global
	GlobalSection(SolutionConfigurationPlatforms) = preSolution
		Debug|Any CPU = Debug|Any CPU
		Release|Any CPU = Release|Any CPU
	EndGlobalSection
	GlobalSection(ProjectConfigurationPlatforms) = postSolution
		{326445B4-92FE-471C-A269-D7673B209D9F}.Debug|Any CPU.ActiveCfg = Debug|Any CPU
		{326445B4-92FE-471C-A269-D7673B209D9F}.Debug|Any CPU.Build.0 = Debug|Any CPU
		{326445B4-92FE-471C-A269-D7673B209D9F}.Release|Any CPU.ActiveCfg = Release|Any CPU
		{326445B4-92FE-471C-A269-D7673B209D9F}.Release|Any CPU.Build.0 = Release|Any CPU
	EndGlobalSection
	GlobalSection(SolutionProperties) = preSolution
		HideSolutionNode = FALSE
	EndGlobalSection
	GlobalSection(ExtensibilityGlobals) = postSolution
		SolutionGuid = {FEE6BCDC-CA5B-4B2E-A3FA-0F187C3935E7}
	EndGlobalSection
EndGlobal
